
Microsoft Visual Studio Solution File, Format Version 12.00
# Visual Studio Version 17
VisualStudioVersion = 17.7.34018.315
MinimumVisualStudioVersion = 10.0.40219.1
Project("{FAE04EC0-301F-11D3-BF4B-00C04F79EFBC}") = "Work", "Work\Work.csproj", "{A2FD6F3D-E920-4626-A29C-2845D524FF83}"
EndProject
Global
	GlobalSection(SolutionConfigurationPlatforms) = preSolution
		Debug|Any CPU = Debug|Any CPU
		Release|Any CPU = Release|Any CPU
	EndGlobalSection
	GlobalSection(ProjectConfigurationPlatforms) = postSolution
		{A2FD6F3D-E920-4626-A29C-2845D524FF83}.Debug|Any CPU.ActiveCfg = Debug|Any CPU
		{A2FD6F3D-E920-4626-A29C-2845D524FF83}.Debug|Any CPU.Build.0 = Debug|Any CPU
		{A2FD6F3D-E920-4626-A29C-2845D524FF83}.Release|Any CPU.ActiveCfg = Release|Any CPU
		{A2FD6F3D-E920-4626-A29C-2845D524FF83}.Release|Any CPU.Build.0 = Release|Any CPU
	EndGlobalSection
	GlobalSection(SolutionProperties) = preSolution
		HideSolutionNode = FALSE
	EndGlobalSection
	GlobalSection(ExtensibilityGlobals) = postSolution
		SolutionGuid = {22F298DA-1AC3-4CC1-B6A1-1E565DC18854}
	EndGlobalSection
EndGlobal
